// !$*UTF8*$!
{
	archiveVersion = 1;
	classes = {
	};
	objectVersion = 48;
	objects = {

/* Begin PBXBuildFile section */
		9587E1481FD116660097CA30 /* AppDelegate.swift in Sources */ = {isa = PBXBuildFile; fileRef = 9587E1471FD116660097CA30 /* AppDelegate.swift */; };
		9587E14A1FD116660097CA30 /* ViewController.swift in Sources */ = {isa = PBXBuildFile; fileRef = 9587E1491FD116660097CA30 /* ViewController.swift */; };
		9587E14D1FD116660097CA30 /* Main.storyboard in Resources */ = {isa = PBXBuildFile; fileRef = 9587E14B1FD116660097CA30 /* Main.storyboard */; };
		9587E14F1FD116660097CA30 /* Assets.xcassets in Resources */ = {isa = PBXBuildFile; fileRef = 9587E14E1FD116660097CA30 /* Assets.xcassets */; };
		9587E1521FD116660097CA30 /* LaunchScreen.storyboard in Resources */ = {isa = PBXBuildFile; fileRef = 9587E1501FD116660097CA30 /* LaunchScreen.storyboard */; };
		9587E15D1FD116660097CA30 /* DropItAllTests.swift in Sources */ = {isa = PBXBuildFile; fileRef = 9587E15C1FD116660097CA30 /* DropItAllTests.swift */; };
		9587E1681FD116660097CA30 /* DropItAllUITests.swift in Sources */ = {isa = PBXBuildFile; fileRef = 9587E1671FD116660097CA30 /* DropItAllUITests.swift */; };
/* End PBXBuildFile section */

/* Begin PBXContainerItemProxy section */
		9587E1591FD116660097CA30 /* PBXContainerItemProxy */ = {
			isa = PBXContainerItemProxy;
			containerPortal = 9587E13C1FD116660097CA30 /* Project object */;
			proxyType = 1;
			remoteGlobalIDString = 9587E1431FD116660097CA30;
			remoteInfo = DropItAll;
		};
		9587E1641FD116660097CA30 /* PBXContainerItemProxy */ = {
			isa = PBXContainerItemProxy;
			containerPortal = 9587E13C1FD116660097CA30 /* Project object */;
			proxyType = 1;
			remoteGlobalIDString = 9587E1431FD116660097CA30;
			remoteInfo = DropItAll;
		};
/* End PBXContainerItemProxy section */

/* Begin PBXFileReference section */
		9587E1441FD116660097CA30 /* DropItAll.app */ = {isa = PBXFileReference; explicitFileType = wrapper.application; includeInIndex = 0; path = DropItAll.app; sourceTree = BUILT_PRODUCTS_DIR; };
		9587E1471FD116660097CA30 /* AppDelegate.swift */ = {isa = PBXFileReference; lastKnownFileType = sourcecode.swift; path = AppDelegate.swift; sourceTree = "<group>"; };
		9587E1491FD116660097CA30 /* ViewController.swift */ = {isa = PBXFileReference; lastKnownFileType = sourcecode.swift; path = ViewController.swift; sourceTree = "<group>"; };
		9587E14C1FD116660097CA30 /* Base */ = {isa = PBXFileReference; lastKnownFileType = file.storyboard; name = Base; path = Base.lproj/Main.storyboard; sourceTree = "<group>"; };
		9587E14E1FD116660097CA30 /* Assets.xcassets */ = {isa = PBXFileReference; lastKnownFileType = folder.assetcatalog; path = Assets.xcassets; sourceTree = "<group>"; };
		9587E1511FD116660097CA30 /* Base */ = {isa = PBXFileReference; lastKnownFileType = file.storyboard; name = Base; path = Base.lproj/LaunchScreen.storyboard; sourceTree = "<group>"; };
		9587E1531FD116660097CA30 /* Info.plist */ = {isa = PBXFileReference; lastKnownFileType = text.plist.xml; path = Info.plist; sourceTree = "<group>"; };
		9587E1581FD116660097CA30 /* DropItAllTests.xctest */ = {isa = PBXFileReference; explicitFileType = wrapper.cfbundle; includeInIndex = 0; path = DropItAllTests.xctest; sourceTree = BUILT_PRODUCTS_DIR; };
		9587E15C1FD116660097CA30 /* DropItAllTests.swift */ = {isa = PBXFileReference; lastKnownFileType = sourcecode.swift; path = DropItAllTests.swift; sourceTree = "<group>"; };
		9587E15E1FD116660097CA30 /* Info.plist */ = {isa = PBXFileReference; lastKnownFileType = text.plist.xml; path = Info.plist; sourceTree = "<group>"; };
		9587E1631FD116660097CA30 /* DropItAllUITests.xctest */ = {isa = PBXFileReference; explicitFileType = wrapper.cfbundle; includeInIndex = 0; path = DropItAllUITests.xctest; sourceTree = BUILT_PRODUCTS_DIR; };
		9587E1671FD116660097CA30 /* DropItAllUITests.swift */ = {isa = PBXFileReference; lastKnownFileType = sourcecode.swift; path = DropItAllUITests.swift; sourceTree = "<group>"; };
		9587E1691FD116660097CA30 /* Info.plist */ = {isa = PBXFileReference; lastKnownFileType = text.plist.xml; path = Info.plist; sourceTree = "<group>"; };
/* End PBXFileReference section */

/* Begin PBXFrameworksBuildPhase section */
		9587E1411FD116660097CA30 /* Frameworks */ = {
			isa = PBXFrameworksBuildPhase;
			buildActionMask = 2147483647;
			files = (
			);
			runOnlyForDeploymentPostprocessing = 0;
		};
		9587E1551FD116660097CA30 /* Frameworks */ = {
			isa = PBXFrameworksBuildPhase;
			buildActionMask = 2147483647;
			files = (
			);
			runOnlyForDeploymentPostprocessing = 0;
		};
		9587E1601FD116660097CA30 /* Frameworks */ = {
			isa = PBXFrameworksBuildPhase;
			buildActionMask = 2147483647;
			files = (
			);
			runOnlyForDeploymentPostprocessing = 0;
		};
/* End PBXFrameworksBuildPhase section */

/* Begin PBXGroup section */
		9587E13B1FD116660097CA30 = {
			isa = PBXGroup;
			children = (
				9587E1461FD116660097CA30 /* DropItAll */,
				9587E15B1FD116660097CA30 /* DropItAllTests */,
				9587E1661FD116660097CA30 /* DropItAllUITests */,
				9587E1451FD116660097CA30 /* Products */,
			);
			sourceTree = "<group>";
		};
		9587E1451FD116660097CA30 /* Products */ = {
			isa = PBXGroup;
			children = (
				9587E1441FD116660097CA30 /* DropItAll.app */,
				9587E1581FD116660097CA30 /* DropItAllTests.xctest */,
				9587E1631FD116660097CA30 /* DropItAllUITests.xctest */,
			);
			name = Products;
			sourceTree = "<group>";
		};
		9587E1461FD116660097CA30 /* DropItAll */ = {
			isa = PBXGroup;
			children = (
				9587E1471FD116660097CA30 /* AppDelegate.swift */,
				9587E1491FD116660097CA30 /* ViewController.swift */,
				9587E14B1FD116660097CA30 /* Main.storyboard */,
				9587E14E1FD116660097CA30 /* Assets.xcassets */,
				9587E1501FD116660097CA30 /* LaunchScreen.storyboard */,
				9587E1531FD116660097CA30 /* Info.plist */,
			);
			path = DropItAll;
			sourceTree = "<group>";
		};
		9587E15B1FD116660097CA30 /* DropItAllTests */ = {
			isa = PBXGroup;
			children = (
				9587E15C1FD116660097CA30 /* DropItAllTests.swift */,
				9587E15E1FD116660097CA30 /* Info.plist */,
			);
			path = DropItAllTests;
			sourceTree = "<group>";
		};
		9587E1661FD116660097CA30 /* DropItAllUITests */ = {
			isa = PBXGroup;
			children = (
				9587E1671FD116660097CA30 /* DropItAllUITests.swift */,
				9587E1691FD116660097CA30 /* Info.plist */,
			);
			path = DropItAllUITests;
			sourceTree = "<group>";
		};
/* End PBXGroup section */

/* Begin PBXNativeTarget section */
		9587E1431FD116660097CA30 /* DropItAll */ = {
			isa = PBXNativeTarget;
			buildConfigurationList = 9587E16C1FD116660097CA30 /* Build configuration list for PBXNativeTarget "DropItAll" */;
			buildPhases = (
				9587E1401FD116660097CA30 /* Sources */,
				9587E1411FD116660097CA30 /* Frameworks */,
				9587E1421FD116660097CA30 /* Resources */,
			);
			buildRules = (
			);
			dependencies = (
			);
			name = DropItAll;
			productName = DropItAll;
			productReference = 9587E1441FD116660097CA30 /* DropItAll.app */;
			productType = "com.apple.product-type.application";
		};
		9587E1571FD116660097CA30 /* DropItAllTests */ = {
			isa = PBXNativeTarget;
			buildConfigurationList = 9587E16F1FD116660097CA30 /* Build configuration list for PBXNativeTarget "DropItAllTests" */;
			buildPhases = (
				9587E1541FD116660097CA30 /* Sources */,
				9587E1551FD116660097CA30 /* Frameworks */,
				9587E1561FD116660097CA30 /* Resources */,
			);
			buildRules = (
			);
			dependencies = (
				9587E15A1FD116660097CA30 /* PBXTargetDependency */,
			);
			name = DropItAllTests;
			productName = DropItAllTests;
			productReference = 9587E1581FD116660097CA30 /* DropItAllTests.xctest */;
			productType = "com.apple.product-type.bundle.unit-test";
		};
		9587E1621FD116660097CA30 /* DropItAllUITests */ = {
			isa = PBXNativeTarget;
			buildConfigurationList = 9587E1721FD116660097CA30 /* Build configuration list for PBXNativeTarget "DropItAllUITests" */;
			buildPhases = (
				9587E15F1FD116660097CA30 /* Sources */,
				9587E1601FD116660097CA30 /* Frameworks */,
				9587E1611FD116660097CA30 /* Resources */,
			);
			buildRules = (
			);
			dependencies = (
				9587E1651FD116660097CA30 /* PBXTargetDependency */,
			);
			name = DropItAllUITests;
			productName = DropItAllUITests;
			productReference = 9587E1631FD116660097CA30 /* DropItAllUITests.xctest */;
			productType = "com.apple.product-type.bundle.ui-testing";
		};
/* End PBXNativeTarget section */

/* Begin PBXProject section */
		9587E13C1FD116660097CA30 /* Project object */ = {
			isa = PBXProject;
			attributes = {
				LastSwiftUpdateCheck = 0920;
				LastUpgradeCheck = 0920;
				ORGANIZATIONNAME = "Sumit Ghosh";
				TargetAttributes = {
					9587E1431FD116660097CA30 = {
						CreatedOnToolsVersion = 9.2;
						ProvisioningStyle = Automatic;
					};
					9587E1571FD116660097CA30 = {
						CreatedOnToolsVersion = 9.2;
						ProvisioningStyle = Automatic;
						TestTargetID = 9587E1431FD116660097CA30;
					};
					9587E1621FD116660097CA30 = {
						CreatedOnToolsVersion = 9.2;
						ProvisioningStyle = Automatic;
						TestTargetID = 9587E1431FD116660097CA30;
					};
				};
			};
			buildConfigurationList = 9587E13F1FD116660097CA30 /* Build configuration list for PBXProject "DropItAll" */;
			compatibilityVersion = "Xcode 8.0";
			developmentRegion = en;
			hasScannedForEncodings = 0;
			knownRegions = (
				en,
				Base,
			);
			mainGroup = 9587E13B1FD116660097CA30;
			productRefGroup = 9587E1451FD116660097CA30 /* Products */;
			projectDirPath = "";
			projectRoot = "";
			targets = (
				9587E1431FD116660097CA30 /* DropItAll */,
				9587E1571FD116660097CA30 /* DropItAllTests */,
				9587E1621FD116660097CA30 /* DropItAllUITests */,
			);
		};
/* End PBXProject section */

/* Begin PBXResourcesBuildPhase section */
		9587E1421FD116660097CA30 /* Resources */ = {
			isa = PBXResourcesBuildPhase;
			buildActionMask = 2147483647;
			files = (
				9587E1521FD116660097CA30 /* LaunchScreen.storyboard in Resources */,
				9587E14F1FD116660097CA30 /* Assets.xcassets in Resources */,
				9587E14D1FD116660097CA30 /* Main.storyboard in Resources */,
			);
			runOnlyForDeploymentPostprocessing = 0;
		};
		9587E1561FD116660097CA30 /* Resources */ = {
			isa = PBXResourcesBuildPhase;
			buildActionMask = 2147483647;
			files = (
			);
			runOnlyForDeploymentPostprocessing = 0;
		};
		9587E1611FD116660097CA30 /* Resources */ = {
			isa = PBXResourcesBuildPhase;
			buildActionMask = 2147483647;
			files = (
			);
			runOnlyForDeploymentPostprocessing = 0;
		};
/* End PBXResourcesBuildPhase section */

/* Begin PBXSourcesBuildPhase section */
		9587E1401FD116660097CA30 /* Sources */ = {
			isa = PBXSourcesBuildPhase;
			buildActionMask = 2147483647;
			files = (
				9587E14A1FD116660097CA30 /* ViewController.swift in Sources */,
				9587E1481FD116660097CA30 /* AppDelegate.swift in Sources */,
			);
			runOnlyForDeploymentPostprocessing = 0;
		};
		9587E1541FD116660097CA30 /* Sources */ = {
			isa = PBXSourcesBuildPhase;
			buildActionMask = 2147483647;
			files = (
				9587E15D1FD116660097CA30 /* DropItAllTests.swift in Sources */,
			);
			runOnlyForDeploymentPostprocessing = 0;
		};
		9587E15F1FD116660097CA30 /* Sources */ = {
			isa = PBXSourcesBuildPhase;
			buildActionMask = 2147483647;
			files = (
				9587E1681FD116660097CA30 /* DropItAllUITests.swift in Sources */,
			);
			runOnlyForDeploymentPostprocessing = 0;
		};
/* End PBXSourcesBuildPhase section */

/* Begin PBXTargetDependency section */
		9587E15A1FD116660097CA30 /* PBXTargetDependency */ = {
			isa = PBXTargetDependency;
			target = 9587E1431FD116660097CA30 /* DropItAll */;
			targetProxy = 9587E1591FD116660097CA30 /* PBXContainerItemProxy */;
		};
		9587E1651FD116660097CA30 /* PBXTargetDependency */ = {
			isa = PBXTargetDependency;
			target = 9587E1431FD116660097CA30 /* DropItAll */;
			targetProxy = 9587E1641FD116660097CA30 /* PBXContainerItemProxy */;
		};
/* End PBXTargetDependency section */

/* Begin PBXVariantGroup section */
		9587E14B1FD116660097CA30 /* Main.storyboard */ = {
			isa = PBXVariantGroup;
			children = (
				9587E14C1FD116660097CA30 /* Base */,
			);
			name = Main.storyboard;
			sourceTree = "<group>";
		};
		9587E1501FD116660097CA30 /* LaunchScreen.storyboard */ = {
			isa = PBXVariantGroup;
			children = (
				9587E1511FD116660097CA30 /* Base */,
			);
			name = LaunchScreen.storyboard;
			sourceTree = "<group>";
		};
/* End PBXVariantGroup section */

/* Begin XCBuildConfiguration section */
		9587E16A1FD116660097CA30 /* Debug */ = {
			isa = XCBuildConfiguration;
			buildSettings = {
				ALWAYS_SEARCH_USER_PATHS = NO;
				CLANG_ANALYZER_NONNULL = YES;
				CLANG_ANALYZER_NUMBER_OBJECT_CONVERSION = YES_AGGRESSIVE;
				CLANG_CXX_LANGUAGE_STANDARD = "gnu++14";
				CLANG_CXX_LIBRARY = "libc++";
				CLANG_ENABLE_MODULES = YES;
				CLANG_ENABLE_OBJC_ARC = YES;
				CLANG_WARN_BLOCK_CAPTURE_AUTORELEASING = YES;
				CLANG_WARN_BOOL_CONVERSION = YES;
				CLANG_WARN_COMMA = YES;
				CLANG_WARN_CONSTANT_CONVERSION = YES;
				CLANG_WARN_DIRECT_OBJC_ISA_USAGE = YES_ERROR;
				CLANG_WARN_DOCUMENTATION_COMMENTS = YES;
				CLANG_WARN_EMPTY_BODY = YES;
				CLANG_WARN_ENUM_CONVERSION = YES;
				CLANG_WARN_INFINITE_RECURSION = YES;
				CLANG_WARN_INT_CONVERSION = YES;
				CLANG_WARN_NON_LITERAL_NULL_CONVERSION = YES;
				CLANG_WARN_OBJC_LITERAL_CONVERSION = YES;
				CLANG_WARN_OBJC_ROOT_CLASS = YES_ERROR;
				CLANG_WARN_RANGE_LOOP_ANALYSIS = YES;
				CLANG_WARN_STRICT_PROTOTYPES = YES;
				CLANG_WARN_SUSPICIOUS_MOVE = YES;
				CLANG_WARN_UNGUARDED_AVAILABILITY = YES_AGGRESSIVE;
				CLANG_WARN_UNREACHABLE_CODE = YES;
				CLANG_WARN__DUPLICATE_METHOD_MATCH = YES;
				CODE_SIGN_IDENTITY = "iPhone Developer";
				COPY_PHASE_STRIP = NO;
				DEBUG_INFORMATION_FORMAT = dwarf;
				ENABLE_STRICT_OBJC_MSGSEND = YES;
				ENABLE_TESTABILITY = YES;
				GCC_C_LANGUAGE_STANDARD = gnu11;
				GCC_DYNAMIC_NO_PIC = NO;
				GCC_NO_COMMON_BLOCKS = YES;
				GCC_OPTIMIZATION_LEVEL = 0;
				GCC_PREPROCESSOR_DEFINITIONS = (
					"DEBUG=1",
					"$(inherited)",
				);
				GCC_WARN_64_TO_32_BIT_CONVERSION = YES;
				GCC_WARN_ABOUT_RETURN_TYPE = YES_ERROR;
				GCC_WARN_UNDECLARED_SELECTOR = YES;
				GCC_WARN_UNINITIALIZED_AUTOS = YES_AGGRESSIVE;
				GCC_WARN_UNUSED_FUNCTION = YES;
				GCC_WARN_UNUSED_VARIABLE = YES;
				IPHONEOS_DEPLOYMENT_TARGET = 11.2;
				MTL_ENABLE_DEBUG_INFO = YES;
				ONLY_ACTIVE_ARCH = YES;
				SDKROOT = iphoneos;
				SWIFT_ACTIVE_COMPILATION_CONDITIONS = DEBUG;
				SWIFT_OPTIMIZATION_LEVEL = "-Onone";
			};
			name = Debug;
		};
		9587E16B1FD116660097CA30 /* Release */ = {
			isa = XCBuildConfiguration;
			buildSettings = {
				ALWAYS_SEARCH_USER_PATHS = NO;
				CLANG_ANALYZER_NONNULL = YES;
				CLANG_ANALYZER_NUMBER_OBJECT_CONVERSION = YES_AGGRESSIVE;
				CLANG_CXX_LANGUAGE_STANDARD = "gnu++14";
				CLANG_CXX_LIBRARY = "libc++";
				CLANG_ENABLE_MODULES = YES;
				CLANG_ENABLE_OBJC_ARC = YES;
				CLANG_WARN_BLOCK_CAPTURE_AUTORELEASING = YES;
				CLANG_WARN_BOOL_CONVERSION = YES;
				CLANG_WARN_COMMA = YES;
				CLANG_WARN_CONSTANT_CONVERSION = YES;
				CLANG_WARN_DIRECT_OBJC_ISA_USAGE = YES_ERROR;
				CLANG_WARN_DOCUMENTATION_COMMENTS = YES;
				CLANG_WARN_EMPTY_BODY = YES;
				CLANG_WARN_ENUM_CONVERSION = YES;
				CLANG_WARN_INFINITE_RECURSION = YES;
				CLANG_WARN_INT_CONVERSION = YES;
				CLANG_WARN_NON_LITERAL_NULL_CONVERSION = YES;
				CLANG_WARN_OBJC_LITERAL_CONVERSION = YES;
				CLANG_WARN_OBJC_ROOT_CLASS = YES_ERROR;
				CLANG_WARN_RANGE_LOOP_ANALYSIS = YES;
				CLANG_WARN_STRICT_PROTOTYPES = YES;
				CLANG_WARN_SUSPICIOUS_MOVE = YES;
				CLANG_WARN_UNGUARDED_AVAILABILITY = YES_AGGRESSIVE;
				CLANG_WARN_UNREACHABLE_CODE = YES;
				CLANG_WARN__DUPLICATE_METHOD_MATCH = YES;
				CODE_SIGN_IDENTITY = "iPhone Developer";
				COPY_PHASE_STRIP = NO;
				DEBUG_INFORMATION_FORMAT = "dwarf-with-dsym";
				ENABLE_NS_ASSERTIONS = NO;
				ENABLE_STRICT_OBJC_MSGSEND = YES;
				GCC_C_LANGUAGE_STANDARD = gnu11;
				GCC_NO_COMMON_BLOCKS = YES;
				GCC_WARN_64_TO_32_BIT_CONVERSION = YES;
				GCC_WARN_ABOUT_RETURN_TYPE = YES_ERROR;
				GCC_WARN_UNDECLARED_SELECTOR = YES;
				GCC_WARN_UNINITIALIZED_AUTOS = YES_AGGRESSIVE;
				GCC_WARN_UNUSED_FUNCTION = YES;
				GCC_WARN_UNUSED_VARIABLE = YES;
				IPHONEOS_DEPLOYMENT_TARGET = 11.2;
				MTL_ENABLE_DEBUG_INFO = NO;
				SDKROOT = iphoneos;
				SWIFT_OPTIMIZATION_LEVEL = "-Owholemodule";
				VALIDATE_PRODUCT = YES;
			};
			name = Release;
		};
		9587E16D1FD116660097CA30 /* Debug */ = {
			isa = XCBuildConfiguration;
			buildSettings = {
				ASSETCATALOG_COMPILER_APPICON_NAME = AppIcon;
				CODE_SIGN_STYLE = Automatic;
				DEVELOPMENT_TEAM = JDGV77HJK6;
				INFOPLIST_FILE = DropItAll/Info.plist;
				LD_RUNPATH_SEARCH_PATHS = "$(inherited) @executable_path/Frameworks";
				PRODUCT_BUNDLE_IDENTIFIER = globussoft.DropItAll;
				PRODUCT_NAME = "$(TARGET_NAME)";
				SWIFT_VERSION = 4.0;
				TARGETED_DEVICE_FAMILY = "1,2";
			};
			name = Debug;
		};
		9587E16E1FD116660097CA30 /* Release */ = {
			isa = XCBuildConfiguration;
			buildSettings = {
				ASSETCATALOG_COMPILER_APPICON_NAME = AppIcon;
				CODE_SIGN_STYLE = Automatic;
				DEVELOPMENT_TEAM = JDGV77HJK6;
				INFOPLIST_FILE = DropItAll/Info.plist;
				LD_RUNPATH_SEARCH_PATHS = "$(inherited) @executable_path/Frameworks";
				PRODUCT_BUNDLE_IDENTIFIER = globussoft.DropItAll;
				PRODUCT_NAME = "$(TARGET_NAME)";
				SWIFT_VERSION = 4.0;
				TARGETED_DEVICE_FAMILY = "1,2";
			};
			name = Release;
		};
		9587E1701FD116660097CA30 /* Debug */ = {
			isa = XCBuildConfiguration;
			buildSettings = {
				ALWAYS_EMBED_SWIFT_STANDARD_LIBRARIES = YES;
				BUNDLE_LOADER = "$(TEST_HOST)";
				CODE_SIGN_STYLE = Automatic;
				DEVELOPMENT_TEAM = JDGV77HJK6;
				INFOPLIST_FILE = DropItAllTests/Info.plist;
				LD_RUNPATH_SEARCH_PATHS = "$(inherited) @executable_path/Frameworks @loader_path/Frameworks";
				PRODUCT_BUNDLE_IDENTIFIER = globussoft.DropItAllTests;
				PRODUCT_NAME = "$(TARGET_NAME)";
				SWIFT_VERSION = 4.0;
				TARGETED_DEVICE_FAMILY = "1,2";
				TEST_HOST = "$(BUILT_PRODUCTS_DIR)/DropItAll.app/DropItAll";
			};
			name = Debug;
		};
		9587E1711FD116660097CA30 /* Release */ = {
			isa = XCBuildConfiguration;
			buildSettings = {
				ALWAYS_EMBED_SWIFT_STANDARD_LIBRARIES = YES;
				BUNDLE_LOADER = "$(TEST_HOST)";
				CODE_SIGN_STYLE = Automatic;
				DEVELOPMENT_TEAM = JDGV77HJK6;
				INFOPLIST_FILE = DropItAllTests/Info.plist;
				LD_RUNPATH_SEARCH_PATHS = "$(inherited) @executable_path/Frameworks @loader_path/Frameworks";
				PRODUCT_BUNDLE_IDENTIFIER = globussoft.DropItAllTests;
				PRODUCT_NAME = "$(TARGET_NAME)";
				SWIFT_VERSION = 4.0;
				TARGETED_DEVICE_FAMILY = "1,2";
				TEST_HOST = "$(BUILT_PRODUCTS_DIR)/DropItAll.app/DropItAll";
			};
			name = Release;
		};
		9587E1731FD116660097CA30 /* Debug */ = {
			isa = XCBuildConfiguration;
			buildSettings = {
				ALWAYS_EMBED_SWIFT_STANDARD_LIBRARIES = YES;
				CODE_SIGN_STYLE = Automatic;
				DEVELOPMENT_TEAM = JDGV77HJK6;
				INFOPLIST_FILE = DropItAllUITests/Info.plist;
				LD_RUNPATH_SEARCH_PATHS = "$(inherited) @executable_path/Frameworks @loader_path/Frameworks";
				PRODUCT_BUNDLE_IDENTIFIER = globussoft.DropItAllUITests;
				PRODUCT_NAME = "$(TARGET_NAME)";
				SWIFT_VERSION = 4.0;
				TARGETED_DEVICE_FAMILY = "1,2";
				TEST_TARGET_NAME = DropItAll;
			};
			name = Debug;
		};
		9587E1741FD116660097CA30 /* Release */ = {
			isa = XCBuildConfiguration;
			buildSettings = {
				ALWAYS_EMBED_SWIFT_STANDARD_LIBRARIES = YES;
				CODE_SIGN_STYLE = Automatic;
				DEVELOPMENT_TEAM = JDGV77HJK6;
				INFOPLIST_FILE = DropItAllUITests/Info.plist;
				LD_RUNPATH_SEARCH_PATHS = "$(inherited) @executable_path/Frameworks @loader_path/Frameworks";
				PRODUCT_BUNDLE_IDENTIFIER = globussoft.DropItAllUITests;
				PRODUCT_NAME = "$(TARGET_NAME)";
				SWIFT_VERSION = 4.0;
				TARGETED_DEVICE_FAMILY = "1,2";
				TEST_TARGET_NAME = DropItAll;
			};
			name = Release;
		};
/* End XCBuildConfiguration section */

/* Begin XCConfigurationList section */
		9587E13F1FD116660097CA30 /* Build configuration list for PBXProject "DropItAll" */ = {
			isa = XCConfigurationList;
			buildConfigurations = (
				9587E16A1FD116660097CA30 /* Debug */,
				9587E16B1FD116660097CA30 /* Release */,
			);
			defaultConfigurationIsVisible = 0;
			defaultConfigurationName = Release;
		};
		9587E16C1FD116660097CA30 /* Build configuration list for PBXNativeTarget "DropItAll" */ = {
			isa = XCConfigurationList;
			buildConfigurations = (
				9587E16D1FD116660097CA30 /* Debug */,
				9587E16E1FD116660097CA30 /* Release */,
			);
			defaultConfigurationIsVisible = 0;
			defaultConfigurationName = Release;
		};
		9587E16F1FD116660097CA30 /* Build configuration list for PBXNativeTarget "DropItAllTests" */ = {
			isa = XCConfigurationList;
			buildConfigurations = (
				9587E1701FD116660097CA30 /* Debug */,
				9587E1711FD116660097CA30 /* Release */,
			);
			defaultConfigurationIsVisible = 0;
			defaultConfigurationName = Release;
		};
		9587E1721FD116660097CA30 /* Build configuration list for PBXNativeTarget "DropItAllUITests" */ = {
			isa = XCConfigurationList;
			buildConfigurations = (
				9587E1731FD116660097CA30 /* Debug */,
				9587E1741FD116660097CA30 /* Release */,
			);
			defaultConfigurationIsVisible = 0;
			defaultConfigurationName = Release;
		};
/* End XCConfigurationList section */
	};
	rootObject = 9587E13C1FD116660097CA30 /* Project object */;
}
